
Microsoft Visual Studio Solution File, Format Version 12.00
# Visual Studio Version 17
VisualStudioVersion = 17.5.002.0
MinimumVisualStudioVersion = 10.0.40219.1
Project("{9A19103F-16F7-4668-BE54-9A1E7A4F7556}") = "Prueba Blazor 2", "Prueba Blazor 2.csproj", "{D23AE5AF-4B95-4537-AB5C-23668E026DE2}"
EndProject
Global
	GlobalSection(SolutionConfigurationPlatforms) = preSolution
		Debug|Any CPU = Debug|Any CPU
		Release|Any CPU = Release|Any CPU
	EndGlobalSection
	GlobalSection(ProjectConfigurationPlatforms) = postSolution
		{D23AE5AF-4B95-4537-AB5C-23668E026DE2}.Debug|Any CPU.ActiveCfg = Debug|Any CPU
		{D23AE5AF-4B95-4537-AB5C-23668E026DE2}.Debug|Any CPU.Build.0 = Debug|Any CPU
		{D23AE5AF-4B95-4537-AB5C-23668E026DE2}.Release|Any CPU.ActiveCfg = Release|Any CPU
		{D23AE5AF-4B95-4537-AB5C-23668E026DE2}.Release|Any CPU.Build.0 = Release|Any CPU
	EndGlobalSection
	GlobalSection(SolutionProperties) = preSolution
		HideSolutionNode = FALSE
	EndGlobalSection
	GlobalSection(ExtensibilityGlobals) = postSolution
		SolutionGuid = {37D80001-176A-4BA3-9BDF-1FE7BB913EE9}
	EndGlobalSection
EndGlobal
